
Microsoft Visual Studio Solution File, Format Version 12.00
# Visual Studio Version 17
VisualStudioVersion = 17.1.32328.378
MinimumVisualStudioVersion = 10.0.40219.1
Project("{9A19103F-16F7-4668-BE54-9A1E7A4F7556}") = "NKUST.Domain", "src\NKUST.Domain\NKUST.Domain.csproj", "{554AD327-6DBA-4F8F-96F8-81CE7A0C863F}"
EndProject
Project("{9A19103F-16F7-4668-BE54-9A1E7A4F7556}") = "NKUST.EntityFrameworkCore", "src\NKUST.EntityFrameworkCore\NKUST.EntityFrameworkCore.csproj", "{C956DD76-69C8-4A9C-83EA-D17DF83340FD}"
EndProject
Project("{2150E333-8FDC-42A3-9474-1A3956D46DE8}") = "src", "src", "{CA9AC87F-097E-4F15-8393-4BC07735A5B0}"
EndProject
Project("{2150E333-8FDC-42A3-9474-1A3956D46DE8}") = "test", "test", "{04DBDB01-70F4-4E06-B468-8F87850B22BE}"
EndProject
Project("{9A19103F-16F7-4668-BE54-9A1E7A4F7556}") = "NKUST.Domain.Shared", "src\NKUST.Domain.Shared\NKUST.Domain.Shared.csproj", "{42F719ED-8413-4895-B5B4-5AB56079BC66}"
EndProject
Project("{9A19103F-16F7-4668-BE54-9A1E7A4F7556}") = "NKUST.EntityFrameworkCore.Tests", "test\NKUST.EntityFrameworkCore.Tests\NKUST.EntityFrameworkCore.Tests.csproj", "{1FE30EB9-74A9-47F5-A9F6-7B1FAB672D81}"
EndProject
Project("{9A19103F-16F7-4668-BE54-9A1E7A4F7556}") = "NKUST.TestBase", "test\NKUST.TestBase\NKUST.TestBase.csproj", "{91853F21-9CD9-4132-BC29-A7D5D84FFFE7}"
EndProject
Project("{9A19103F-16F7-4668-BE54-9A1E7A4F7556}") = "NKUST.Domain.Tests", "test\NKUST.Domain.Tests\NKUST.Domain.Tests.csproj", "{E512F4D9-9375-480F-A2F6-A46509F9D824}"
EndProject
Project("{9A19103F-16F7-4668-BE54-9A1E7A4F7556}") = "NKUST.DbMigrator", "src\NKUST.DbMigrator\NKUST.DbMigrator.csproj", "{AA94D832-1CCC-4715-95A9-A483F23A1A5D}"
EndProject
Project("{9A19103F-16F7-4668-BE54-9A1E7A4F7556}") = "NKUST.Application.Contracts", "src\NKUST.Application.Contracts\NKUST.Application.Contracts.csproj", "{75A4BFDB-A4CB-4E1E-A2AC-5C1ECE98CB1F}"
EndProject
Project("{9A19103F-16F7-4668-BE54-9A1E7A4F7556}") = "NKUST.Application", "src\NKUST.Application\NKUST.Application.csproj", "{1C0F4A01-87D6-40AC-AAFB-B5FE3BD3284A}"
EndProject
Project("{9A19103F-16F7-4668-BE54-9A1E7A4F7556}") = "NKUST.HttpApi", "src\NKUST.HttpApi\NKUST.HttpApi.csproj", "{0F766761-5A53-47DF-B58C-C5ECF05B3F82}"
EndProject
Project("{9A19103F-16F7-4668-BE54-9A1E7A4F7556}") = "NKUST.HttpApi.Host", "src\NKUST.HttpApi.Host\NKUST.HttpApi.Host.csproj", "{0C5732E1-E091-46C2-B888-740B0A1A059D}"
EndProject
Global
	GlobalSection(SolutionConfigurationPlatforms) = preSolution
		Debug|Any CPU = Debug|Any CPU
		Release|Any CPU = Release|Any CPU
	EndGlobalSection
	GlobalSection(ProjectConfigurationPlatforms) = postSolution
		{554AD327-6DBA-4F8F-96F8-81CE7A0C863F}.Debug|Any CPU.ActiveCfg = Debug|Any CPU
		{554AD327-6DBA-4F8F-96F8-81CE7A0C863F}.Debug|Any CPU.Build.0 = Debug|Any CPU
		{554AD327-6DBA-4F8F-96F8-81CE7A0C863F}.Release|Any CPU.ActiveCfg = Release|Any CPU
		{554AD327-6DBA-4F8F-96F8-81CE7A0C863F}.Release|Any CPU.Build.0 = Release|Any CPU
		{C956DD76-69C8-4A9C-83EA-D17DF83340FD}.Debug|Any CPU.ActiveCfg = Debug|Any CPU
		{C956DD76-69C8-4A9C-83EA-D17DF83340FD}.Debug|Any CPU.Build.0 = Debug|Any CPU
		{C956DD76-69C8-4A9C-83EA-D17DF83340FD}.Release|Any CPU.ActiveCfg = Release|Any CPU
		{C956DD76-69C8-4A9C-83EA-D17DF83340FD}.Release|Any CPU.Build.0 = Release|Any CPU
		{42F719ED-8413-4895-B5B4-5AB56079BC66}.Debug|Any CPU.ActiveCfg = Debug|Any CPU
		{42F719ED-8413-4895-B5B4-5AB56079BC66}.Debug|Any CPU.Build.0 = Debug|Any CPU
		{42F719ED-8413-4895-B5B4-5AB56079BC66}.Release|Any CPU.ActiveCfg = Release|Any CPU
		{42F719ED-8413-4895-B5B4-5AB56079BC66}.Release|Any CPU.Build.0 = Release|Any CPU
		{1FE30EB9-74A9-47F5-A9F6-7B1FAB672D81}.Debug|Any CPU.ActiveCfg = Debug|Any CPU
		{1FE30EB9-74A9-47F5-A9F6-7B1FAB672D81}.Debug|Any CPU.Build.0 = Debug|Any CPU
		{1FE30EB9-74A9-47F5-A9F6-7B1FAB672D81}.Release|Any CPU.ActiveCfg = Release|Any CPU
		{1FE30EB9-74A9-47F5-A9F6-7B1FAB672D81}.Release|Any CPU.Build.0 = Release|Any CPU
		{91853F21-9CD9-4132-BC29-A7D5D84FFFE7}.Debug|Any CPU.ActiveCfg = Debug|Any CPU
		{91853F21-9CD9-4132-BC29-A7D5D84FFFE7}.Debug|Any CPU.Build.0 = Debug|Any CPU
		{91853F21-9CD9-4132-BC29-A7D5D84FFFE7}.Release|Any CPU.ActiveCfg = Release|Any CPU
		{91853F21-9CD9-4132-BC29-A7D5D84FFFE7}.Release|Any CPU.Build.0 = Release|Any CPU
		{E512F4D9-9375-480F-A2F6-A46509F9D824}.Debug|Any CPU.ActiveCfg = Debug|Any CPU
		{E512F4D9-9375-480F-A2F6-A46509F9D824}.Debug|Any CPU.Build.0 = Debug|Any CPU
		{E512F4D9-9375-480F-A2F6-A46509F9D824}.Release|Any CPU.ActiveCfg = Release|Any CPU
		{E512F4D9-9375-480F-A2F6-A46509F9D824}.Release|Any CPU.Build.0 = Release|Any CPU
		{AA94D832-1CCC-4715-95A9-A483F23A1A5D}.Debug|Any CPU.ActiveCfg = Debug|Any CPU
		{AA94D832-1CCC-4715-95A9-A483F23A1A5D}.Debug|Any CPU.Build.0 = Debug|Any CPU
		{AA94D832-1CCC-4715-95A9-A483F23A1A5D}.Release|Any CPU.ActiveCfg = Release|Any CPU
		{AA94D832-1CCC-4715-95A9-A483F23A1A5D}.Release|Any CPU.Build.0 = Release|Any CPU
		{75A4BFDB-A4CB-4E1E-A2AC-5C1ECE98CB1F}.Debug|Any CPU.ActiveCfg = Debug|Any CPU
		{75A4BFDB-A4CB-4E1E-A2AC-5C1ECE98CB1F}.Debug|Any CPU.Build.0 = Debug|Any CPU
		{75A4BFDB-A4CB-4E1E-A2AC-5C1ECE98CB1F}.Release|Any CPU.ActiveCfg = Release|Any CPU
		{75A4BFDB-A4CB-4E1E-A2AC-5C1ECE98CB1F}.Release|Any CPU.Build.0 = Release|Any CPU
		{1C0F4A01-87D6-40AC-AAFB-B5FE3BD3284A}.Debug|Any CPU.ActiveCfg = Debug|Any CPU
		{1C0F4A01-87D6-40AC-AAFB-B5FE3BD3284A}.Debug|Any CPU.Build.0 = Debug|Any CPU
		{1C0F4A01-87D6-40AC-AAFB-B5FE3BD3284A}.Release|Any CPU.ActiveCfg = Release|Any CPU
		{1C0F4A01-87D6-40AC-AAFB-B5FE3BD3284A}.Release|Any CPU.Build.0 = Release|Any CPU
		{0F766761-5A53-47DF-B58C-C5ECF05B3F82}.Debug|Any CPU.ActiveCfg = Debug|Any CPU
		{0F766761-5A53-47DF-B58C-C5ECF05B3F82}.Debug|Any CPU.Build.0 = Debug|Any CPU
		{0F766761-5A53-47DF-B58C-C5ECF05B3F82}.Release|Any CPU.ActiveCfg = Release|Any CPU
		{0F766761-5A53-47DF-B58C-C5ECF05B3F82}.Release|Any CPU.Build.0 = Release|Any CPU
		{0C5732E1-E091-46C2-B888-740B0A1A059D}.Debug|Any CPU.ActiveCfg = Debug|Any CPU
		{0C5732E1-E091-46C2-B888-740B0A1A059D}.Debug|Any CPU.Build.0 = Debug|Any CPU
		{0C5732E1-E091-46C2-B888-740B0A1A059D}.Release|Any CPU.ActiveCfg = Release|Any CPU
		{0C5732E1-E091-46C2-B888-740B0A1A059D}.Release|Any CPU.Build.0 = Release|Any CPU
	EndGlobalSection
	GlobalSection(SolutionProperties) = preSolution
		HideSolutionNode = FALSE
	EndGlobalSection
	GlobalSection(NestedProjects) = preSolution
		{554AD327-6DBA-4F8F-96F8-81CE7A0C863F} = {CA9AC87F-097E-4F15-8393-4BC07735A5B0}
		{C956DD76-69C8-4A9C-83EA-D17DF83340FD} = {CA9AC87F-097E-4F15-8393-4BC07735A5B0}
		{42F719ED-8413-4895-B5B4-5AB56079BC66} = {CA9AC87F-097E-4F15-8393-4BC07735A5B0}
		{1FE30EB9-74A9-47F5-A9F6-7B1FAB672D81} = {04DBDB01-70F4-4E06-B468-8F87850B22BE}
		{91853F21-9CD9-4132-BC29-A7D5D84FFFE7} = {04DBDB01-70F4-4E06-B468-8F87850B22BE}
		{E512F4D9-9375-480F-A2F6-A46509F9D824} = {04DBDB01-70F4-4E06-B468-8F87850B22BE}
		{AA94D832-1CCC-4715-95A9-A483F23A1A5D} = {CA9AC87F-097E-4F15-8393-4BC07735A5B0}
		{75A4BFDB-A4CB-4E1E-A2AC-5C1ECE98CB1F} = {CA9AC87F-097E-4F15-8393-4BC07735A5B0}
		{1C0F4A01-87D6-40AC-AAFB-B5FE3BD3284A} = {CA9AC87F-097E-4F15-8393-4BC07735A5B0}
		{0F766761-5A53-47DF-B58C-C5ECF05B3F82} = {CA9AC87F-097E-4F15-8393-4BC07735A5B0}
		{0C5732E1-E091-46C2-B888-740B0A1A059D} = {CA9AC87F-097E-4F15-8393-4BC07735A5B0}
	EndGlobalSection
	GlobalSection(ExtensibilityGlobals) = postSolution
		SolutionGuid = {97B31592-9D30-762F-72BA-EC256AA0B76E}
	EndGlobalSection
EndGlobal
